// !$*UTF8*$!
{
	archiveVersion = 1;
	classes = {
	};
	objectVersion = 46;
	objects = {

/* Begin PBXBuildFile section */
		88689E5016B32A7A003DD3C1 /* UIKit.framework in Frameworks */ = {isa = PBXBuildFile; fileRef = 88689E4F16B32A7A003DD3C1 /* UIKit.framework */; };
		88689E5216B32A7A003DD3C1 /* Foundation.framework in Frameworks */ = {isa = PBXBuildFile; fileRef = 88689E5116B32A7A003DD3C1 /* Foundation.framework */; };
		88689E5416B32A7A003DD3C1 /* CoreGraphics.framework in Frameworks */ = {isa = PBXBuildFile; fileRef = 88689E5316B32A7A003DD3C1 /* CoreGraphics.framework */; };
		88689E5A16B32A7A003DD3C1 /* InfoPlist.strings in Resources */ = {isa = PBXBuildFile; fileRef = 88689E5816B32A7A003DD3C1 /* InfoPlist.strings */; };
		88689E5C16B32A7A003DD3C1 /* main.m in Sources */ = {isa = PBXBuildFile; fileRef = 88689E5B16B32A7A003DD3C1 /* main.m */; };
		88689E6016B32A7A003DD3C1 /* AppDelegate.m in Sources */ = {isa = PBXBuildFile; fileRef = 88689E5F16B32A7A003DD3C1 /* AppDelegate.m */; };
		88689E6216B32A7A003DD3C1 /* Default.png in Resources */ = {isa = PBXBuildFile; fileRef = 88689E6116B32A7A003DD3C1 /* Default.png */; };
		88689E6416B32A7A003DD3C1 /* Default@2x.png in Resources */ = {isa = PBXBuildFile; fileRef = 88689E6316B32A7A003DD3C1 /* Default@2x.png */; };
		88689E6616B32A7A003DD3C1 /* Default-568h@2x.png in Resources */ = {isa = PBXBuildFile; fileRef = 88689E6516B32A7A003DD3C1 /* Default-568h@2x.png */; };
		88689E6916B32A7A003DD3C1 /* ViewController.m in Sources */ = {isa = PBXBuildFile; fileRef = 88689E6816B32A7A003DD3C1 /* ViewController.m */; };
		88689E6C16B32A7A003DD3C1 /* ViewController.xib in Resources */ = {isa = PBXBuildFile; fileRef = 88689E6A16B32A7A003DD3C1 /* ViewController.xib */; };
		88689E7416B32AF8003DD3C1 /* CustomFlowLayout.m in Sources */ = {isa = PBXBuildFile; fileRef = 88689E7316B32AF8003DD3C1 /* CustomFlowLayout.m */; };
		88689E7916B32CFB003DD3C1 /* Cell.xib in Resources */ = {isa = PBXBuildFile; fileRef = 88689E7816B32CFB003DD3C1 /* Cell.xib */; };
		88D51B0816B3E17C008C1256 /* CircleLayout.m in Sources */ = {isa = PBXBuildFile; fileRef = 88D51B0716B3E17C008C1256 /* CircleLayout.m */; };
		88D51B0C16B3E389008C1256 /* LineLayout.m in Sources */ = {isa = PBXBuildFile; fileRef = 88D51B0B16B3E389008C1256 /* LineLayout.m */; };
		88D51B0E16B3E564008C1256 /* QuartzCore.framework in Frameworks */ = {isa = PBXBuildFile; fileRef = 88D51B0D16B3E564008C1256 /* QuartzCore.framework */; };
		88EC493C16C077E200B9778F /* Cell.m in Sources */ = {isa = PBXBuildFile; fileRef = 88EC493B16C077E200B9778F /* Cell.m */; };
		88EC493F16C07A0D00B9778F /* PinchFlowLayout.m in Sources */ = {isa = PBXBuildFile; fileRef = 88EC493E16C07A0D00B9778F /* PinchFlowLayout.m */; };
/* End PBXBuildFile section */

/* Begin PBXFileReference section */
		88689E4B16B32A7A003DD3C1 /* CollectionView.app */ = {isa = PBXFileReference; explicitFileType = wrapper.application; includeInIndex = 0; path = CollectionView.app; sourceTree = BUILT_PRODUCTS_DIR; };
		88689E4F16B32A7A003DD3C1 /* UIKit.framework */ = {isa = PBXFileReference; lastKnownFileType = wrapper.framework; name = UIKit.framework; path = System/Library/Frameworks/UIKit.framework; sourceTree = SDKROOT; };
		88689E5116B32A7A003DD3C1 /* Foundation.framework */ = {isa = PBXFileReference; lastKnownFileType = wrapper.framework; name = Foundation.framework; path = System/Library/Frameworks/Foundation.framework; sourceTree = SDKROOT; };
		88689E5316B32A7A003DD3C1 /* CoreGraphics.framework */ = {isa = PBXFileReference; lastKnownFileType = wrapper.framework; name = CoreGraphics.framework; path = System/Library/Frameworks/CoreGraphics.framework; sourceTree = SDKROOT; };
		88689E5716B32A7A003DD3C1 /* CollectionView-Info.plist */ = {isa = PBXFileReference; lastKnownFileType = text.plist.xml; path = "CollectionView-Info.plist"; sourceTree = "<group>"; };
		88689E5916B32A7A003DD3C1 /* en */ = {isa = PBXFileReference; lastKnownFileType = text.plist.strings; name = en; path = en.lproj/InfoPlist.strings; sourceTree = "<group>"; };
		88689E5B16B32A7A003DD3C1 /* main.m */ = {isa = PBXFileReference; lastKnownFileType = sourcecode.c.objc; path = main.m; sourceTree = "<group>"; };
		88689E5D16B32A7A003DD3C1 /* CollectionView-Prefix.pch */ = {isa = PBXFileReference; lastKnownFileType = sourcecode.c.h; path = "CollectionView-Prefix.pch"; sourceTree = "<group>"; };
		88689E5E16B32A7A003DD3C1 /* AppDelegate.h */ = {isa = PBXFileReference; lastKnownFileType = sourcecode.c.h; path = AppDelegate.h; sourceTree = "<group>"; };
		88689E5F16B32A7A003DD3C1 /* AppDelegate.m */ = {isa = PBXFileReference; lastKnownFileType = sourcecode.c.objc; path = AppDelegate.m; sourceTree = "<group>"; };
		88689E6116B32A7A003DD3C1 /* Default.png */ = {isa = PBXFileReference; lastKnownFileType = image.png; path = Default.png; sourceTree = "<group>"; };
		88689E6316B32A7A003DD3C1 /* Default@2x.png */ = {isa = PBXFileReference; lastKnownFileType = image.png; path = "Default@2x.png"; sourceTree = "<group>"; };
		88689E6516B32A7A003DD3C1 /* Default-568h@2x.png */ = {isa = PBXFileReference; lastKnownFileType = image.png; path = "Default-568h@2x.png"; sourceTree = "<group>"; };
		88689E6716B32A7A003DD3C1 /* ViewController.h */ = {isa = PBXFileReference; lastKnownFileType = sourcecode.c.h; path = ViewController.h; sourceTree = "<group>"; };
		88689E6816B32A7A003DD3C1 /* ViewController.m */ = {isa = PBXFileReference; lastKnownFileType = sourcecode.c.objc; path = ViewController.m; sourceTree = "<group>"; };
		88689E6B16B32A7A003DD3C1 /* en */ = {isa = PBXFileReference; lastKnownFileType = file.xib; name = en; path = en.lproj/ViewController.xib; sourceTree = "<group>"; };
		88689E7216B32AF8003DD3C1 /* CustomFlowLayout.h */ = {isa = PBXFileReference; fileEncoding = 4; lastKnownFileType = sourcecode.c.h; path = CustomFlowLayout.h; sourceTree = "<group>"; };
		88689E7316B32AF8003DD3C1 /* CustomFlowLayout.m */ = {isa = PBXFileReference; fileEncoding = 4; lastKnownFileType = sourcecode.c.objc; path = CustomFlowLayout.m; sourceTree = "<group>"; };
		88689E7816B32CFB003DD3C1 /* Cell.xib */ = {isa = PBXFileReference; fileEncoding = 4; lastKnownFileType = file.xib; path = Cell.xib; sourceTree = "<group>"; };
		88D51B0616B3E17C008C1256 /* CircleLayout.h */ = {isa = PBXFileReference; fileEncoding = 4; lastKnownFileType = sourcecode.c.h; path = CircleLayout.h; sourceTree = "<group>"; };
		88D51B0716B3E17C008C1256 /* CircleLayout.m */ = {isa = PBXFileReference; fileEncoding = 4; lastKnownFileType = sourcecode.c.objc; path = CircleLayout.m; sourceTree = "<group>"; };
		88D51B0A16B3E389008C1256 /* LineLayout.h */ = {isa = PBXFileReference; fileEncoding = 4; lastKnownFileType = sourcecode.c.h; path = LineLayout.h; sourceTree = "<group>"; };
		88D51B0B16B3E389008C1256 /* LineLayout.m */ = {isa = PBXFileReference; fileEncoding = 4; lastKnownFileType = sourcecode.c.objc; path = LineLayout.m; sourceTree = "<group>"; };
		88D51B0D16B3E564008C1256 /* QuartzCore.framework */ = {isa = PBXFileReference; lastKnownFileType = wrapper.framework; name = QuartzCore.framework; path = System/Library/Frameworks/QuartzCore.framework; sourceTree = SDKROOT; };
		88EC493A16C077E200B9778F /* Cell.h */ = {isa = PBXFileReference; fileEncoding = 4; lastKnownFileType = sourcecode.c.h; path = Cell.h; sourceTree = "<group>"; };
		88EC493B16C077E200B9778F /* Cell.m */ = {isa = PBXFileReference; fileEncoding = 4; lastKnownFileType = sourcecode.c.objc; path = Cell.m; sourceTree = "<group>"; };
		88EC493D16C07A0D00B9778F /* PinchFlowLayout.h */ = {isa = PBXFileReference; fileEncoding = 4; lastKnownFileType = sourcecode.c.h; path = PinchFlowLayout.h; sourceTree = "<group>"; };
		88EC493E16C07A0D00B9778F /* PinchFlowLayout.m */ = {isa = PBXFileReference; fileEncoding = 4; lastKnownFileType = sourcecode.c.objc; path = PinchFlowLayout.m; sourceTree = "<group>"; };
/* End PBXFileReference section */

/* Begin PBXFrameworksBuildPhase section */
		88689E4816B32A7A003DD3C1 /* Frameworks */ = {
			isa = PBXFrameworksBuildPhase;
			buildActionMask = 2147483647;
			files = (
				88D51B0E16B3E564008C1256 /* QuartzCore.framework in Frameworks */,
				88689E5016B32A7A003DD3C1 /* UIKit.framework in Frameworks */,
				88689E5216B32A7A003DD3C1 /* Foundation.framework in Frameworks */,
				88689E5416B32A7A003DD3C1 /* CoreGraphics.framework in Frameworks */,
			);
			runOnlyForDeploymentPostprocessing = 0;
		};
/* End PBXFrameworksBuildPhase section */

/* Begin PBXGroup section */
		88689E4016B32A7A003DD3C1 = {
			isa = PBXGroup;
			children = (
				88689E5516B32A7A003DD3C1 /* CollectionView */,
				88689E5616B32A7A003DD3C1 /* Supporting Files */,
				88689E4E16B32A7A003DD3C1 /* Frameworks */,
				88689E4C16B32A7A003DD3C1 /* Products */,
			);
			sourceTree = "<group>";
		};
		88689E4C16B32A7A003DD3C1 /* Products */ = {
			isa = PBXGroup;
			children = (
				88689E4B16B32A7A003DD3C1 /* CollectionView.app */,
			);
			name = Products;
			sourceTree = "<group>";
		};
		88689E4E16B32A7A003DD3C1 /* Frameworks */ = {
			isa = PBXGroup;
			children = (
				88D51B0D16B3E564008C1256 /* QuartzCore.framework */,
				88689E4F16B32A7A003DD3C1 /* UIKit.framework */,
				88689E5116B32A7A003DD3C1 /* Foundation.framework */,
				88689E5316B32A7A003DD3C1 /* CoreGraphics.framework */,
			);
			name = Frameworks;
			sourceTree = "<group>";
		};
		88689E5516B32A7A003DD3C1 /* CollectionView */ = {
			isa = PBXGroup;
			children = (
				88EC494116C0800600B9778F /* Layouts */,
				88EC494016C07FF700B9778F /* Cell */,
				88689E5E16B32A7A003DD3C1 /* AppDelegate.h */,
				88689E5F16B32A7A003DD3C1 /* AppDelegate.m */,
				88689E6716B32A7A003DD3C1 /* ViewController.h */,
				88689E6816B32A7A003DD3C1 /* ViewController.m */,
				88689E6A16B32A7A003DD3C1 /* ViewController.xib */,
			);
			path = CollectionView;
			sourceTree = "<group>";
		};
		88689E5616B32A7A003DD3C1 /* Supporting Files */ = {
			isa = PBXGroup;
			children = (
				88689E5716B32A7A003DD3C1 /* CollectionView-Info.plist */,
				88689E5816B32A7A003DD3C1 /* InfoPlist.strings */,
				88689E5B16B32A7A003DD3C1 /* main.m */,
				88689E5D16B32A7A003DD3C1 /* CollectionView-Prefix.pch */,
				88689E6116B32A7A003DD3C1 /* Default.png */,
				88689E6316B32A7A003DD3C1 /* Default@2x.png */,
				88689E6516B32A7A003DD3C1 /* Default-568h@2x.png */,
			);
			name = "Supporting Files";
			path = CollectionView;
			sourceTree = "<group>";
		};
		88EC494016C07FF700B9778F /* Cell */ = {
			isa = PBXGroup;
			children = (
				88EC493A16C077E200B9778F /* Cell.h */,
				88EC493B16C077E200B9778F /* Cell.m */,
				88689E7816B32CFB003DD3C1 /* Cell.xib */,
			);
			name = Cell;
			sourceTree = "<group>";
		};
		88EC494116C0800600B9778F /* Layouts */ = {
			isa = PBXGroup;
			children = (
				88689E7216B32AF8003DD3C1 /* CustomFlowLayout.h */,
				88689E7316B32AF8003DD3C1 /* CustomFlowLayout.m */,
				88D51B0616B3E17C008C1256 /* CircleLayout.h */,
				88D51B0716B3E17C008C1256 /* CircleLayout.m */,
				88D51B0A16B3E389008C1256 /* LineLayout.h */,
				88D51B0B16B3E389008C1256 /* LineLayout.m */,
				88EC493D16C07A0D00B9778F /* PinchFlowLayout.h */,
				88EC493E16C07A0D00B9778F /* PinchFlowLayout.m */,
			);
			name = Layouts;
			sourceTree = "<group>";
		};
/* End PBXGroup section */

/* Begin PBXNativeTarget section */
		88689E4A16B32A7A003DD3C1 /* CollectionView */ = {
			isa = PBXNativeTarget;
			buildConfigurationList = 88689E6F16B32A7A003DD3C1 /* Build configuration list for PBXNativeTarget "CollectionView" */;
			buildPhases = (
				88689E4716B32A7A003DD3C1 /* Sources */,
				88689E4816B32A7A003DD3C1 /* Frameworks */,
				88689E4916B32A7A003DD3C1 /* Resources */,
			);
			buildRules = (
			);
			dependencies = (
			);
			name = CollectionView;
			productName = CollectionView;
			productReference = 88689E4B16B32A7A003DD3C1 /* CollectionView.app */;
			productType = "com.apple.product-type.application";
		};
/* End PBXNativeTarget section */

/* Begin PBXProject section */
		88689E4216B32A7A003DD3C1 /* Project object */ = {
			isa = PBXProject;
			attributes = {
				LastUpgradeCheck = 0450;
				ORGANIZATIONNAME = "Lukasz Domaradzki";
			};
			buildConfigurationList = 88689E4516B32A7A003DD3C1 /* Build configuration list for PBXProject "CollectionView" */;
			compatibilityVersion = "Xcode 3.2";
			developmentRegion = English;
			hasScannedForEncodings = 0;
			knownRegions = (
				en,
			);
			mainGroup = 88689E4016B32A7A003DD3C1;
			productRefGroup = 88689E4C16B32A7A003DD3C1 /* Products */;
			projectDirPath = "";
			projectRoot = "";
			targets = (
				88689E4A16B32A7A003DD3C1 /* CollectionView */,
			);
		};
/* End PBXProject section */

/* Begin PBXResourcesBuildPhase section */
		88689E4916B32A7A003DD3C1 /* Resources */ = {
			isa = PBXResourcesBuildPhase;
			buildActionMask = 2147483647;
			files = (
				88689E5A16B32A7A003DD3C1 /* InfoPlist.strings in Resources */,
				88689E6216B32A7A003DD3C1 /* Default.png in Resources */,
				88689E6416B32A7A003DD3C1 /* Default@2x.png in Resources */,
				88689E6616B32A7A003DD3C1 /* Default-568h@2x.png in Resources */,
				88689E6C16B32A7A003DD3C1 /* ViewController.xib in Resources */,
				88689E7916B32CFB003DD3C1 /* Cell.xib in Resources */,
			);
			runOnlyForDeploymentPostprocessing = 0;
		};
/* End PBXResourcesBuildPhase section */

/* Begin PBXSourcesBuildPhase section */
		88689E4716B32A7A003DD3C1 /* Sources */ = {
			isa = PBXSourcesBuildPhase;
			buildActionMask = 2147483647;
			files = (
				88689E5C16B32A7A003DD3C1 /* main.m in Sources */,
				88689E6016B32A7A003DD3C1 /* AppDelegate.m in Sources */,
				88689E6916B32A7A003DD3C1 /* ViewController.m in Sources */,
				88689E7416B32AF8003DD3C1 /* CustomFlowLayout.m in Sources */,
				88D51B0816B3E17C008C1256 /* CircleLayout.m in Sources */,
				88D51B0C16B3E389008C1256 /* LineLayout.m in Sources */,
				88EC493C16C077E200B9778F /* Cell.m in Sources */,
				88EC493F16C07A0D00B9778F /* PinchFlowLayout.m in Sources */,
			);
			runOnlyForDeploymentPostprocessing = 0;
		};
/* End PBXSourcesBuildPhase section */

/* Begin PBXVariantGroup section */
		88689E5816B32A7A003DD3C1 /* InfoPlist.strings */ = {
			isa = PBXVariantGroup;
			children = (
				88689E5916B32A7A003DD3C1 /* en */,
			);
			name = InfoPlist.strings;
			sourceTree = "<group>";
		};
		88689E6A16B32A7A003DD3C1 /* ViewController.xib */ = {
			isa = PBXVariantGroup;
			children = (
				88689E6B16B32A7A003DD3C1 /* en */,
			);
			name = ViewController.xib;
			sourceTree = "<group>";
		};
/* End PBXVariantGroup section */

/* Begin XCBuildConfiguration section */
		88689E6D16B32A7A003DD3C1 /* Debug */ = {
			isa = XCBuildConfiguration;
			buildSettings = {
				ALWAYS_SEARCH_USER_PATHS = NO;
				CLANG_CXX_LANGUAGE_STANDARD = "gnu++0x";
				CLANG_CXX_LIBRARY = "libc++";
				CLANG_ENABLE_OBJC_ARC = YES;
				CLANG_WARN_EMPTY_BODY = YES;
				CLANG_WARN__DUPLICATE_METHOD_MATCH = YES;
				"CODE_SIGN_IDENTITY[sdk=iphoneos*]" = "iPhone Developer";
				COPY_PHASE_STRIP = NO;
				GCC_C_LANGUAGE_STANDARD = gnu99;
				GCC_DYNAMIC_NO_PIC = NO;
				GCC_OPTIMIZATION_LEVEL = 0;
				GCC_PREPROCESSOR_DEFINITIONS = (
					"DEBUG=1",
					"$(inherited)",
				);
				GCC_SYMBOLS_PRIVATE_EXTERN = NO;
				GCC_WARN_ABOUT_RETURN_TYPE = YES;
				GCC_WARN_UNINITIALIZED_AUTOS = YES;
				GCC_WARN_UNUSED_VARIABLE = YES;
				IPHONEOS_DEPLOYMENT_TARGET = 6.0;
				ONLY_ACTIVE_ARCH = YES;
				SDKROOT = iphoneos;
				TARGETED_DEVICE_FAMILY = 2;
			};
			name = Debug;
		};
		88689E6E16B32A7A003DD3C1 /* Release */ = {
			isa = XCBuildConfiguration;
			buildSettings = {
				ALWAYS_SEARCH_USER_PATHS = NO;
				CLANG_CXX_LANGUAGE_STANDARD = "gnu++0x";
				CLANG_CXX_LIBRARY = "libc++";
				CLANG_ENABLE_OBJC_ARC = YES;
				CLANG_WARN_EMPTY_BODY = YES;
				CLANG_WARN__DUPLICATE_METHOD_MATCH = YES;
				"CODE_SIGN_IDENTITY[sdk=iphoneos*]" = "iPhone Developer";
				COPY_PHASE_STRIP = YES;
				GCC_C_LANGUAGE_STANDARD = gnu99;
				GCC_WARN_ABOUT_RETURN_TYPE = YES;
				GCC_WARN_UNINITIALIZED_AUTOS = YES;
				GCC_WARN_UNUSED_VARIABLE = YES;
				IPHONEOS_DEPLOYMENT_TARGET = 6.0;
				OTHER_CFLAGS = "-DNS_BLOCK_ASSERTIONS=1";
				SDKROOT = iphoneos;
				TARGETED_DEVICE_FAMILY = 2;
				VALIDATE_PRODUCT = YES;
			};
			name = Release;
		};
		88689E7016B32A7A003DD3C1 /* Debug */ = {
			isa = XCBuildConfiguration;
			buildSettings = {
				GCC_PRECOMPILE_PREFIX_HEADER = YES;
				GCC_PREFIX_HEADER = "CollectionView/CollectionView-Prefix.pch";
				INFOPLIST_FILE = "CollectionView/CollectionView-Info.plist";
				PRODUCT_NAME = "$(TARGET_NAME)";
				WRAPPER_EXTENSION = app;
			};
			name = Debug;
		};
		88689E7116B32A7A003DD3C1 /* Release */ = {
			isa = XCBuildConfiguration;
			buildSettings = {
				GCC_PRECOMPILE_PREFIX_HEADER = YES;
				GCC_PREFIX_HEADER = "CollectionView/CollectionView-Prefix.pch";
				INFOPLIST_FILE = "CollectionView/CollectionView-Info.plist";
				PRODUCT_NAME = "$(TARGET_NAME)";
				WRAPPER_EXTENSION = app;
			};
			name = Release;
		};
/* End XCBuildConfiguration section */

/* Begin XCConfigurationList section */
		88689E4516B32A7A003DD3C1 /* Build configuration list for PBXProject "CollectionView" */ = {
			isa = XCConfigurationList;
			buildConfigurations = (
				88689E6D16B32A7A003DD3C1 /* Debug */,
				88689E6E16B32A7A003DD3C1 /* Release */,
			);
			defaultConfigurationIsVisible = 0;
			defaultConfigurationName = Release;
		};
		88689E6F16B32A7A003DD3C1 /* Build configuration list for PBXNativeTarget "CollectionView" */ = {
			isa = XCConfigurationList;
			buildConfigurations = (
				88689E7016B32A7A003DD3C1 /* Debug */,
				88689E7116B32A7A003DD3C1 /* Release */,
			);
			defaultConfigurationIsVisible = 0;
			defaultConfigurationName = Release;
		};
/* End XCConfigurationList section */
	};
	rootObject = 88689E4216B32A7A003DD3C1 /* Project object */;
}
